// !$*UTF8*$!
{
	archiveVersion = 1;
	classes = {
	};
	objectVersion = 55;
	objects = {

/* Begin PBXBuildFile section */
		956AC147280ACAA20016D766 /* AppDelegate.swift in Sources */ = {isa = PBXBuildFile; fileRef = 956AC146280ACAA20016D766 /* AppDelegate.swift */; };
		956AC150280ACAA40016D766 /* Assets.xcassets in Resources */ = {isa = PBXBuildFile; fileRef = 956AC14F280ACAA40016D766 /* Assets.xcassets */; };
		956AC153280ACAA40016D766 /* LaunchScreen.storyboard in Resources */ = {isa = PBXBuildFile; fileRef = 956AC151280ACAA40016D766 /* LaunchScreen.storyboard */; };
		956AC15D280ACCFB0016D766 /* AuthViewController.swift in Sources */ = {isa = PBXBuildFile; fileRef = 956AC15C280ACCFB0016D766 /* AuthViewController.swift */; };
		956AC15F280ACD2C0016D766 /* SignUpViewController.swift in Sources */ = {isa = PBXBuildFile; fileRef = 956AC15E280ACD2C0016D766 /* SignUpViewController.swift */; };
		956AC161280ACD570016D766 /* AlbumsViewController.swift in Sources */ = {isa = PBXBuildFile; fileRef = 956AC160280ACD570016D766 /* AlbumsViewController.swift */; };
		956AC163280ACD850016D766 /* DetailAlbumViewController.swift in Sources */ = {isa = PBXBuildFile; fileRef = 956AC162280ACD850016D766 /* DetailAlbumViewController.swift */; };
		956AC165280ACDB90016D766 /* UserInfoViewController.swift in Sources */ = {isa = PBXBuildFile; fileRef = 956AC164280ACDB90016D766 /* UserInfoViewController.swift */; };
		956AC169280ADC0F0016D766 /* UIStackView + Extension.swift in Sources */ = {isa = PBXBuildFile; fileRef = 956AC168280ADC0F0016D766 /* UIStackView + Extension.swift */; };
/* End PBXBuildFile section */

/* Begin PBXFileReference section */
		956AC143280ACAA20016D766 /* Itunes music search with login screen.app */ = {isa = PBXFileReference; explicitFileType = wrapper.application; includeInIndex = 0; path = "Itunes music search with login screen.app"; sourceTree = BUILT_PRODUCTS_DIR; };
		956AC146280ACAA20016D766 /* AppDelegate.swift */ = {isa = PBXFileReference; lastKnownFileType = sourcecode.swift; path = AppDelegate.swift; sourceTree = "<group>"; };
		956AC14F280ACAA40016D766 /* Assets.xcassets */ = {isa = PBXFileReference; lastKnownFileType = folder.assetcatalog; path = Assets.xcassets; sourceTree = "<group>"; };
		956AC152280ACAA40016D766 /* Base */ = {isa = PBXFileReference; lastKnownFileType = file.storyboard; name = Base; path = Base.lproj/LaunchScreen.storyboard; sourceTree = "<group>"; };
		956AC154280ACAA40016D766 /* Info.plist */ = {isa = PBXFileReference; lastKnownFileType = text.plist.xml; path = Info.plist; sourceTree = "<group>"; };
		956AC15C280ACCFB0016D766 /* AuthViewController.swift */ = {isa = PBXFileReference; lastKnownFileType = sourcecode.swift; path = AuthViewController.swift; sourceTree = "<group>"; };
		956AC15E280ACD2C0016D766 /* SignUpViewController.swift */ = {isa = PBXFileReference; lastKnownFileType = sourcecode.swift; path = SignUpViewController.swift; sourceTree = "<group>"; };
		956AC160280ACD570016D766 /* AlbumsViewController.swift */ = {isa = PBXFileReference; lastKnownFileType = sourcecode.swift; path = AlbumsViewController.swift; sourceTree = "<group>"; };
		956AC162280ACD850016D766 /* DetailAlbumViewController.swift */ = {isa = PBXFileReference; lastKnownFileType = sourcecode.swift; path = DetailAlbumViewController.swift; sourceTree = "<group>"; };
		956AC164280ACDB90016D766 /* UserInfoViewController.swift */ = {isa = PBXFileReference; lastKnownFileType = sourcecode.swift; path = UserInfoViewController.swift; sourceTree = "<group>"; };
		956AC168280ADC0F0016D766 /* UIStackView + Extension.swift */ = {isa = PBXFileReference; lastKnownFileType = sourcecode.swift; path = "UIStackView + Extension.swift"; sourceTree = "<group>"; };
/* End PBXFileReference section */

/* Begin PBXFrameworksBuildPhase section */
		956AC140280ACAA20016D766 /* Frameworks */ = {
			isa = PBXFrameworksBuildPhase;
			buildActionMask = 2147483647;
			files = (
			);
			runOnlyForDeploymentPostprocessing = 0;
		};
/* End PBXFrameworksBuildPhase section */

/* Begin PBXGroup section */
		956AC13A280ACAA20016D766 = {
			isa = PBXGroup;
			children = (
				956AC145280ACAA20016D766 /* Itunes music search with login screen */,
				956AC15A280ACCC20016D766 /* Controllers */,
				956AC166280ADBE30016D766 /* Extensions */,
				956AC144280ACAA20016D766 /* Products */,
			);
			sourceTree = "<group>";
		};
		956AC144280ACAA20016D766 /* Products */ = {
			isa = PBXGroup;
			children = (
				956AC143280ACAA20016D766 /* Itunes music search with login screen.app */,
			);
			name = Products;
			sourceTree = "<group>";
		};
		956AC145280ACAA20016D766 /* Itunes music search with login screen */ = {
			isa = PBXGroup;
			children = (
				956AC146280ACAA20016D766 /* AppDelegate.swift */,
				956AC14F280ACAA40016D766 /* Assets.xcassets */,
				956AC151280ACAA40016D766 /* LaunchScreen.storyboard */,
				956AC154280ACAA40016D766 /* Info.plist */,
			);
			path = "Itunes music search with login screen";
			sourceTree = "<group>";
		};
		956AC15A280ACCC20016D766 /* Controllers */ = {
			isa = PBXGroup;
			children = (
				956AC15B280ACCCF0016D766 /* Cells */,
			);
			path = Controllers;
			sourceTree = "<group>";
		};
		956AC15B280ACCCF0016D766 /* Cells */ = {
			isa = PBXGroup;
			children = (
				956AC15C280ACCFB0016D766 /* AuthViewController.swift */,
				956AC15E280ACD2C0016D766 /* SignUpViewController.swift */,
				956AC160280ACD570016D766 /* AlbumsViewController.swift */,
				956AC162280ACD850016D766 /* DetailAlbumViewController.swift */,
				956AC164280ACDB90016D766 /* UserInfoViewController.swift */,
			);
			path = Cells;
			sourceTree = "<group>";
		};
		956AC166280ADBE30016D766 /* Extensions */ = {
			isa = PBXGroup;
			children = (
				956AC167280ADBEE0016D766 /* UIKit */,
			);
			path = Extensions;
			sourceTree = "<group>";
		};
		956AC167280ADBEE0016D766 /* UIKit */ = {
			isa = PBXGroup;
			children = (
				956AC168280ADC0F0016D766 /* UIStackView + Extension.swift */,
			);
			path = UIKit;
			sourceTree = "<group>";
		};
/* End PBXGroup section */

/* Begin PBXNativeTarget section */
		956AC142280ACAA20016D766 /* Itunes music search with login screen */ = {
			isa = PBXNativeTarget;
			buildConfigurationList = 956AC157280ACAA40016D766 /* Build configuration list for PBXNativeTarget "Itunes music search with login screen" */;
			buildPhases = (
				956AC13F280ACAA20016D766 /* Sources */,
				956AC140280ACAA20016D766 /* Frameworks */,
				956AC141280ACAA20016D766 /* Resources */,
			);
			buildRules = (
			);
			dependencies = (
			);
			name = "Itunes music search with login screen";
			productName = "Itunes music search with login screen";
			productReference = 956AC143280ACAA20016D766 /* Itunes music search with login screen.app */;
			productType = "com.apple.product-type.application";
		};
/* End PBXNativeTarget section */

/* Begin PBXProject section */
		956AC13B280ACAA20016D766 /* Project object */ = {
			isa = PBXProject;
			attributes = {
				BuildIndependentTargetsInParallel = 1;
				LastSwiftUpdateCheck = 1330;
				LastUpgradeCheck = 1330;
				TargetAttributes = {
					956AC142280ACAA20016D766 = {
						CreatedOnToolsVersion = 13.3.1;
					};
				};
			};
			buildConfigurationList = 956AC13E280ACAA20016D766 /* Build configuration list for PBXProject "Itunes music search with login screen" */;
			compatibilityVersion = "Xcode 13.0";
			developmentRegion = en;
			hasScannedForEncodings = 0;
			knownRegions = (
				en,
				Base,
			);
			mainGroup = 956AC13A280ACAA20016D766;
			productRefGroup = 956AC144280ACAA20016D766 /* Products */;
			projectDirPath = "";
			projectRoot = "";
			targets = (
				956AC142280ACAA20016D766 /* Itunes music search with login screen */,
			);
		};
/* End PBXProject section */

/* Begin PBXResourcesBuildPhase section */
		956AC141280ACAA20016D766 /* Resources */ = {
			isa = PBXResourcesBuildPhase;
			buildActionMask = 2147483647;
			files = (
				956AC153280ACAA40016D766 /* LaunchScreen.storyboard in Resources */,
				956AC150280ACAA40016D766 /* Assets.xcassets in Resources */,
			);
			runOnlyForDeploymentPostprocessing = 0;
		};
/* End PBXResourcesBuildPhase section */

/* Begin PBXSourcesBuildPhase section */
		956AC13F280ACAA20016D766 /* Sources */ = {
			isa = PBXSourcesBuildPhase;
			buildActionMask = 2147483647;
			files = (
				956AC165280ACDB90016D766 /* UserInfoViewController.swift in Sources */,
				956AC163280ACD850016D766 /* DetailAlbumViewController.swift in Sources */,
				956AC15D280ACCFB0016D766 /* AuthViewController.swift in Sources */,
				956AC15F280ACD2C0016D766 /* SignUpViewController.swift in Sources */,
				956AC147280ACAA20016D766 /* AppDelegate.swift in Sources */,
				956AC161280ACD570016D766 /* AlbumsViewController.swift in Sources */,
				956AC169280ADC0F0016D766 /* UIStackView + Extension.swift in Sources */,
			);
			runOnlyForDeploymentPostprocessing = 0;
		};
/* End PBXSourcesBuildPhase section */

/* Begin PBXVariantGroup section */
		956AC151280ACAA40016D766 /* LaunchScreen.storyboard */ = {
			isa = PBXVariantGroup;
			children = (
				956AC152280ACAA40016D766 /* Base */,
			);
			name = LaunchScreen.storyboard;
			sourceTree = "<group>";
		};
/* End PBXVariantGroup section */

/* Begin XCBuildConfiguration section */
		956AC155280ACAA40016D766 /* Debug */ = {
			isa = XCBuildConfiguration;
			buildSettings = {
				ALWAYS_SEARCH_USER_PATHS = NO;
				CLANG_ANALYZER_NONNULL = YES;
				CLANG_ANALYZER_NUMBER_OBJECT_CONVERSION = YES_AGGRESSIVE;
				CLANG_CXX_LANGUAGE_STANDARD = "gnu++17";
				CLANG_ENABLE_MODULES = YES;
				CLANG_ENABLE_OBJC_ARC = YES;
				CLANG_ENABLE_OBJC_WEAK = YES;
				CLANG_WARN_BLOCK_CAPTURE_AUTORELEASING = YES;
				CLANG_WARN_BOOL_CONVERSION = YES;
				CLANG_WARN_COMMA = YES;
				CLANG_WARN_CONSTANT_CONVERSION = YES;
				CLANG_WARN_DEPRECATED_OBJC_IMPLEMENTATIONS = YES;
				CLANG_WARN_DIRECT_OBJC_ISA_USAGE = YES_ERROR;
				CLANG_WARN_DOCUMENTATION_COMMENTS = YES;
				CLANG_WARN_EMPTY_BODY = YES;
				CLANG_WARN_ENUM_CONVERSION = YES;
				CLANG_WARN_INFINITE_RECURSION = YES;
				CLANG_WARN_INT_CONVERSION = YES;
				CLANG_WARN_NON_LITERAL_NULL_CONVERSION = YES;
				CLANG_WARN_OBJC_IMPLICIT_RETAIN_SELF = YES;
				CLANG_WARN_OBJC_LITERAL_CONVERSION = YES;
				CLANG_WARN_OBJC_ROOT_CLASS = YES_ERROR;
				CLANG_WARN_QUOTED_INCLUDE_IN_FRAMEWORK_HEADER = YES;
				CLANG_WARN_RANGE_LOOP_ANALYSIS = YES;
				CLANG_WARN_STRICT_PROTOTYPES = YES;
				CLANG_WARN_SUSPICIOUS_MOVE = YES;
				CLANG_WARN_UNGUARDED_AVAILABILITY = YES_AGGRESSIVE;
				CLANG_WARN_UNREACHABLE_CODE = YES;
				CLANG_WARN__DUPLICATE_METHOD_MATCH = YES;
				COPY_PHASE_STRIP = NO;
				DEBUG_INFORMATION_FORMAT = dwarf;
				ENABLE_STRICT_OBJC_MSGSEND = YES;
				ENABLE_TESTABILITY = YES;
				GCC_C_LANGUAGE_STANDARD = gnu11;
				GCC_DYNAMIC_NO_PIC = NO;
				GCC_NO_COMMON_BLOCKS = YES;
				GCC_OPTIMIZATION_LEVEL = 0;
				GCC_PREPROCESSOR_DEFINITIONS = (
					"DEBUG=1",
					"$(inherited)",
				);
				GCC_WARN_64_TO_32_BIT_CONVERSION = YES;
				GCC_WARN_ABOUT_RETURN_TYPE = YES_ERROR;
				GCC_WARN_UNDECLARED_SELECTOR = YES;
				GCC_WARN_UNINITIALIZED_AUTOS = YES_AGGRESSIVE;
				GCC_WARN_UNUSED_FUNCTION = YES;
				GCC_WARN_UNUSED_VARIABLE = YES;
				IPHONEOS_DEPLOYMENT_TARGET = 15.4;
				MTL_ENABLE_DEBUG_INFO = INCLUDE_SOURCE;
				MTL_FAST_MATH = YES;
				ONLY_ACTIVE_ARCH = YES;
				SDKROOT = iphoneos;
				SWIFT_ACTIVE_COMPILATION_CONDITIONS = DEBUG;
				SWIFT_OPTIMIZATION_LEVEL = "-Onone";
			};
			name = Debug;
		};
		956AC156280ACAA40016D766 /* Release */ = {
			isa = XCBuildConfiguration;
			buildSettings = {
				ALWAYS_SEARCH_USER_PATHS = NO;
				CLANG_ANALYZER_NONNULL = YES;
				CLANG_ANALYZER_NUMBER_OBJECT_CONVERSION = YES_AGGRESSIVE;
				CLANG_CXX_LANGUAGE_STANDARD = "gnu++17";
				CLANG_ENABLE_MODULES = YES;
				CLANG_ENABLE_OBJC_ARC = YES;
				CLANG_ENABLE_OBJC_WEAK = YES;
				CLANG_WARN_BLOCK_CAPTURE_AUTORELEASING = YES;
				CLANG_WARN_BOOL_CONVERSION = YES;
				CLANG_WARN_COMMA = YES;
				CLANG_WARN_CONSTANT_CONVERSION = YES;
				CLANG_WARN_DEPRECATED_OBJC_IMPLEMENTATIONS = YES;
				CLANG_WARN_DIRECT_OBJC_ISA_USAGE = YES_ERROR;
				CLANG_WARN_DOCUMENTATION_COMMENTS = YES;
				CLANG_WARN_EMPTY_BODY = YES;
				CLANG_WARN_ENUM_CONVERSION = YES;
				CLANG_WARN_INFINITE_RECURSION = YES;
				CLANG_WARN_INT_CONVERSION = YES;
				CLANG_WARN_NON_LITERAL_NULL_CONVERSION = YES;
				CLANG_WARN_OBJC_IMPLICIT_RETAIN_SELF = YES;
				CLANG_WARN_OBJC_LITERAL_CONVERSION = YES;
				CLANG_WARN_OBJC_ROOT_CLASS = YES_ERROR;
				CLANG_WARN_QUOTED_INCLUDE_IN_FRAMEWORK_HEADER = YES;
				CLANG_WARN_RANGE_LOOP_ANALYSIS = YES;
				CLANG_WARN_STRICT_PROTOTYPES = YES;
				CLANG_WARN_SUSPICIOUS_MOVE = YES;
				CLANG_WARN_UNGUARDED_AVAILABILITY = YES_AGGRESSIVE;
				CLANG_WARN_UNREACHABLE_CODE = YES;
				CLANG_WARN__DUPLICATE_METHOD_MATCH = YES;
				COPY_PHASE_STRIP = NO;
				DEBUG_INFORMATION_FORMAT = "dwarf-with-dsym";
				ENABLE_NS_ASSERTIONS = NO;
				ENABLE_STRICT_OBJC_MSGSEND = YES;
				GCC_C_LANGUAGE_STANDARD = gnu11;
				GCC_NO_COMMON_BLOCKS = YES;
				GCC_WARN_64_TO_32_BIT_CONVERSION = YES;
				GCC_WARN_ABOUT_RETURN_TYPE = YES_ERROR;
				GCC_WARN_UNDECLARED_SELECTOR = YES;
				GCC_WARN_UNINITIALIZED_AUTOS = YES_AGGRESSIVE;
				GCC_WARN_UNUSED_FUNCTION = YES;
				GCC_WARN_UNUSED_VARIABLE = YES;
				IPHONEOS_DEPLOYMENT_TARGET = 15.4;
				MTL_ENABLE_DEBUG_INFO = NO;
				MTL_FAST_MATH = YES;
				SDKROOT = iphoneos;
				SWIFT_COMPILATION_MODE = wholemodule;
				SWIFT_OPTIMIZATION_LEVEL = "-O";
				VALIDATE_PRODUCT = YES;
			};
			name = Release;
		};
		956AC158280ACAA40016D766 /* Debug */ = {
			isa = XCBuildConfiguration;
			buildSettings = {
				ASSETCATALOG_COMPILER_APPICON_NAME = AppIcon;
				ASSETCATALOG_COMPILER_GLOBAL_ACCENT_COLOR_NAME = AccentColor;
				CODE_SIGN_STYLE = Automatic;
				CURRENT_PROJECT_VERSION = 1;
				DEVELOPMENT_TEAM = B6DXKZP464;
				GENERATE_INFOPLIST_FILE = YES;
				INFOPLIST_FILE = "Itunes music search with login screen/Info.plist";
				INFOPLIST_KEY_UIApplicationSupportsIndirectInputEvents = YES;
				INFOPLIST_KEY_UILaunchStoryboardName = LaunchScreen;
				INFOPLIST_KEY_UISupportedInterfaceOrientations_iPad = "UIInterfaceOrientationPortrait UIInterfaceOrientationPortraitUpsideDown UIInterfaceOrientationLandscapeLeft UIInterfaceOrientationLandscapeRight";
				INFOPLIST_KEY_UISupportedInterfaceOrientations_iPhone = "UIInterfaceOrientationPortrait UIInterfaceOrientationLandscapeLeft UIInterfaceOrientationLandscapeRight";
				LD_RUNPATH_SEARCH_PATHS = (
					"$(inherited)",
					"@executable_path/Frameworks",
				);
				MARKETING_VERSION = 1.0;
				PRODUCT_BUNDLE_IDENTIFIER = "Kir-Tarasko.Itunes-music-search-with-login-screen";
				PRODUCT_NAME = "$(TARGET_NAME)";
				SWIFT_EMIT_LOC_STRINGS = YES;
				SWIFT_VERSION = 5.0;
				TARGETED_DEVICE_FAMILY = "1,2";
			};
			name = Debug;
		};
		956AC159280ACAA40016D766 /* Release */ = {
			isa = XCBuildConfiguration;
			buildSettings = {
				ASSETCATALOG_COMPILER_APPICON_NAME = AppIcon;
				ASSETCATALOG_COMPILER_GLOBAL_ACCENT_COLOR_NAME = AccentColor;
				CODE_SIGN_STYLE = Automatic;
				CURRENT_PROJECT_VERSION = 1;
				DEVELOPMENT_TEAM = B6DXKZP464;
				GENERATE_INFOPLIST_FILE = YES;
				INFOPLIST_FILE = "Itunes music search with login screen/Info.plist";
				INFOPLIST_KEY_UIApplicationSupportsIndirectInputEvents = YES;
				INFOPLIST_KEY_UILaunchStoryboardName = LaunchScreen;
				INFOPLIST_KEY_UISupportedInterfaceOrientations_iPad = "UIInterfaceOrientationPortrait UIInterfaceOrientationPortraitUpsideDown UIInterfaceOrientationLandscapeLeft UIInterfaceOrientationLandscapeRight";
				INFOPLIST_KEY_UISupportedInterfaceOrientations_iPhone = "UIInterfaceOrientationPortrait UIInterfaceOrientationLandscapeLeft UIInterfaceOrientationLandscapeRight";
				LD_RUNPATH_SEARCH_PATHS = (
					"$(inherited)",
					"@executable_path/Frameworks",
				);
				MARKETING_VERSION = 1.0;
				PRODUCT_BUNDLE_IDENTIFIER = "Kir-Tarasko.Itunes-music-search-with-login-screen";
				PRODUCT_NAME = "$(TARGET_NAME)";
				SWIFT_EMIT_LOC_STRINGS = YES;
				SWIFT_VERSION = 5.0;
				TARGETED_DEVICE_FAMILY = "1,2";
			};
			name = Release;
		};
/* End XCBuildConfiguration section */

/* Begin XCConfigurationList section */
		956AC13E280ACAA20016D766 /* Build configuration list for PBXProject "Itunes music search with login screen" */ = {
			isa = XCConfigurationList;
			buildConfigurations = (
				956AC155280ACAA40016D766 /* Debug */,
				956AC156280ACAA40016D766 /* Release */,
			);
			defaultConfigurationIsVisible = 0;
			defaultConfigurationName = Release;
		};
		956AC157280ACAA40016D766 /* Build configuration list for PBXNativeTarget "Itunes music search with login screen" */ = {
			isa = XCConfigurationList;
			buildConfigurations = (
				956AC158280ACAA40016D766 /* Debug */,
				956AC159280ACAA40016D766 /* Release */,
			);
			defaultConfigurationIsVisible = 0;
			defaultConfigurationName = Release;
		};
/* End XCConfigurationList section */
	};
	rootObject = 956AC13B280ACAA20016D766 /* Project object */;
}
